
Microsoft Visual Studio Solution File, Format Version 12.00
# Visual Studio Version 17
VisualStudioVersion = 17.5.33516.290
MinimumVisualStudioVersion = 10.0.40219.1
Project("{FAE04EC0-301F-11D3-BF4B-00C04F79EFBC}") = "WindowsFormsApp8", "WindowsFormsApp8.csproj", "{D1B2D501-1647-449C-AE3E-482FB912F4E2}"
EndProject
Global
	GlobalSection(SolutionConfigurationPlatforms) = preSolution
		Debug|Any CPU = Debug|Any CPU
		Release|Any CPU = Release|Any CPU
	EndGlobalSection
	GlobalSection(ProjectConfigurationPlatforms) = postSolution
		{D1B2D501-1647-449C-AE3E-482FB912F4E2}.Debug|Any CPU.ActiveCfg = Debug|Any CPU
		{D1B2D501-1647-449C-AE3E-482FB912F4E2}.Debug|Any CPU.Build.0 = Debug|Any CPU
		{D1B2D501-1647-449C-AE3E-482FB912F4E2}.Release|Any CPU.ActiveCfg = Release|Any CPU
		{D1B2D501-1647-449C-AE3E-482FB912F4E2}.Release|Any CPU.Build.0 = Release|Any CPU
	EndGlobalSection
	GlobalSection(SolutionProperties) = preSolution
		HideSolutionNode = FALSE
	EndGlobalSection
	GlobalSection(ExtensibilityGlobals) = postSolution
		SolutionGuid = {2D953C3C-C6B9-47B7-BE6B-7BC15BCB34E6}
	EndGlobalSection
EndGlobal
