
Microsoft Visual Studio Solution File, Format Version 12.00
# Visual Studio Version 17
VisualStudioVersion = 17.4.33213.308
MinimumVisualStudioVersion = 10.0.40219.1
Project("{FAE04EC0-301F-11D3-BF4B-00C04F79EFBC}") = "lab3", "lab3.csproj", "{E26A20DD-10F4-4840-A8E3-7E2C58360520}"
EndProject
Global
	GlobalSection(SolutionConfigurationPlatforms) = preSolution
		Debug|Any CPU = Debug|Any CPU
		Release|Any CPU = Release|Any CPU
	EndGlobalSection
	GlobalSection(ProjectConfigurationPlatforms) = postSolution
		{E26A20DD-10F4-4840-A8E3-7E2C58360520}.Debug|Any CPU.ActiveCfg = Debug|Any CPU
		{E26A20DD-10F4-4840-A8E3-7E2C58360520}.Debug|Any CPU.Build.0 = Debug|Any CPU
		{E26A20DD-10F4-4840-A8E3-7E2C58360520}.Release|Any CPU.ActiveCfg = Release|Any CPU
		{E26A20DD-10F4-4840-A8E3-7E2C58360520}.Release|Any CPU.Build.0 = Release|Any CPU
	EndGlobalSection
	GlobalSection(SolutionProperties) = preSolution
		HideSolutionNode = FALSE
	EndGlobalSection
	GlobalSection(ExtensibilityGlobals) = postSolution
		SolutionGuid = {D237DF12-BB11-46C8-AD4F-AABCFD2E818F}
	EndGlobalSection
EndGlobal
