
Microsoft Visual Studio Solution File, Format Version 12.00
# Visual Studio Version 17
VisualStudioVersion = 17.4.33213.308
MinimumVisualStudioVersion = 10.0.40219.1
Project("{FAE04EC0-301F-11D3-BF4B-00C04F79EFBC}") = "lab4_1", "lab4_1.csproj", "{E3C46258-41B8-48B6-827A-B8D4ACBFEB56}"
EndProject
Global
	GlobalSection(SolutionConfigurationPlatforms) = preSolution
		Debug|Any CPU = Debug|Any CPU
		Release|Any CPU = Release|Any CPU
	EndGlobalSection
	GlobalSection(ProjectConfigurationPlatforms) = postSolution
		{E3C46258-41B8-48B6-827A-B8D4ACBFEB56}.Debug|Any CPU.ActiveCfg = Debug|Any CPU
		{E3C46258-41B8-48B6-827A-B8D4ACBFEB56}.Debug|Any CPU.Build.0 = Debug|Any CPU
		{E3C46258-41B8-48B6-827A-B8D4ACBFEB56}.Release|Any CPU.ActiveCfg = Release|Any CPU
		{E3C46258-41B8-48B6-827A-B8D4ACBFEB56}.Release|Any CPU.Build.0 = Release|Any CPU
	EndGlobalSection
	GlobalSection(SolutionProperties) = preSolution
		HideSolutionNode = FALSE
	EndGlobalSection
	GlobalSection(ExtensibilityGlobals) = postSolution
		SolutionGuid = {7E87E474-AE20-4ACB-9716-EEC540BBFB0B}
	EndGlobalSection
EndGlobal
