
Microsoft Visual Studio Solution File, Format Version 12.00
# Visual Studio Version 17
VisualStudioVersion = 17.4.33213.308
MinimumVisualStudioVersion = 10.0.40219.1
Project("{FAE04EC0-301F-11D3-BF4B-00C04F79EFBC}") = "Lab1", "Lab1.csproj", "{5B392695-A049-4E31-8034-39AA79A4AB23}"
EndProject
Global
	GlobalSection(SolutionConfigurationPlatforms) = preSolution
		Debug|Any CPU = Debug|Any CPU
		Release|Any CPU = Release|Any CPU
	EndGlobalSection
	GlobalSection(ProjectConfigurationPlatforms) = postSolution
		{5B392695-A049-4E31-8034-39AA79A4AB23}.Debug|Any CPU.ActiveCfg = Debug|Any CPU
		{5B392695-A049-4E31-8034-39AA79A4AB23}.Debug|Any CPU.Build.0 = Debug|Any CPU
		{5B392695-A049-4E31-8034-39AA79A4AB23}.Release|Any CPU.ActiveCfg = Release|Any CPU
		{5B392695-A049-4E31-8034-39AA79A4AB23}.Release|Any CPU.Build.0 = Release|Any CPU
	EndGlobalSection
	GlobalSection(SolutionProperties) = preSolution
		HideSolutionNode = FALSE
	EndGlobalSection
	GlobalSection(ExtensibilityGlobals) = postSolution
		SolutionGuid = {6FAB96E0-15CE-4269-AABD-008FE555F6F2}
	EndGlobalSection
EndGlobal
